{
	"name": "modrinth-newest-projects-fetcher",
	"version": "1.0.0",
	"lockfileVersion": 3,
	"requires": true,
	"packages": {
		"": {
			"name": "modrinth-newest-projects-fetcher",
			"version": "1.0.0",
			"license": "ISC",
			"dependencies": {
				"@emailjs/nodejs": "^2.2.0",
				"@prisma/client": "^5.4.2",
				"cron": "^3.1.0",
				"dotenv": "^16.3.1",
				"ms": "^2.1.3"
			},
			"devDependencies": {
				"prisma": "^5.4.2"
			}
		},
		"node_modules/@emailjs/nodejs": {
			"version": "2.2.0",
			"resolved": "https://registry.npmjs.org/@emailjs/nodejs/-/nodejs-2.2.0.tgz",
			"integrity": "sha512-R5V14yCNmdQ5CrzE09BlsV/5s2DN8UcmxgBTo/Jk4T8TKxYT6s8lcEBUgfHSSvPRv/GGsNUknW7MNypgibVOpA==",
			"engines": {
				"node": ">=14.0.0"
			}
		},
		"node_modules/@prisma/client": {
			"version": "5.4.2",
			"resolved": "https://registry.npmjs.org/@prisma/client/-/client-5.4.2.tgz",
			"integrity": "sha512-2xsPaz4EaMKj1WS9iW6MlPhmbqtBsXAOeVttSePp8vTFTtvzh2hZbDgswwBdSCgPzmmwF+tLB259QzggvCmJqA==",
			"hasInstallScript": true,
			"dependencies": {
				"@prisma/engines-version": "5.4.1-2.ac9d7041ed77bcc8a8dbd2ab6616b39013829574"
			},
			"engines": {
				"node": ">=16.13"
			},
			"peerDependencies": {
				"prisma": "*"
			},
			"peerDependenciesMeta": {
				"prisma": {
					"optional": true
				}
			}
		},
		"node_modules/@prisma/engines": {
			"version": "5.4.2",
			"resolved": "https://registry.npmjs.org/@prisma/engines/-/engines-5.4.2.tgz",
			"integrity": "sha512-fqeucJ3LH0e1eyFdT0zRx+oETLancu5+n4lhiYECyEz6H2RDskPJHJYHkVc0LhkU4Uv7fuEnppKU3nVKNzMh8g==",
			"devOptional": true,
			"hasInstallScript": true
		},
		"node_modules/@prisma/engines-version": {
			"version": "5.4.1-2.ac9d7041ed77bcc8a8dbd2ab6616b39013829574",
			"resolved": "https://registry.npmjs.org/@prisma/engines-version/-/engines-version-5.4.1-2.ac9d7041ed77bcc8a8dbd2ab6616b39013829574.tgz",
			"integrity": "sha512-wvupDL4AA1vf4TQNANg7kR7y98ITqPsk6aacfBxZKtrJKRIsWjURHkZCGcQliHdqCiW/hGreO6d6ZuSv9MhdAA=="
		},
		"node_modules/@types/luxon": {
			"version": "3.3.2",
			"resolved": "https://registry.npmjs.org/@types/luxon/-/luxon-3.3.2.tgz",
			"integrity": "sha512-l5cpE57br4BIjK+9BSkFBOsWtwv6J9bJpC7gdXIzZyI0vuKvNTk0wZZrkQxMGsUAuGW9+WMNWF2IJMD7br2yeQ=="
		},
		"node_modules/cron": {
			"version": "3.1.0",
			"resolved": "https://registry.npmjs.org/cron/-/cron-3.1.0.tgz",
			"integrity": "sha512-u6Z89TV7zhG7aW7MX7aLQhK5PYjTzFpzjFgiSX5r7qC1vjPvRt1FVfarHRaN/5IokEXM1DRJcXnwXI0e9G0awA==",
			"dependencies": {
				"@types/luxon": "~3.3.0",
				"luxon": "~3.3.0"
			}
		},
		"node_modules/dotenv": {
			"version": "16.3.1",
			"resolved": "https://registry.npmjs.org/dotenv/-/dotenv-16.3.1.tgz",
			"integrity": "sha512-IPzF4w4/Rd94bA9imS68tZBaYyBWSCE47V1RGuMrB94iyTOIEwRmVL2x/4An+6mETpLrKJ5hQkB8W4kFAadeIQ==",
			"engines": {
				"node": ">=12"
			},
			"funding": {
				"url": "https://github.com/motdotla/dotenv?sponsor=1"
			}
		},
		"node_modules/luxon": {
			"version": "3.3.0",
			"resolved": "https://registry.npmjs.org/luxon/-/luxon-3.3.0.tgz",
			"integrity": "sha512-An0UCfG/rSiqtAIiBPO0Y9/zAnHUZxAMiCpTd5h2smgsj7GGmcenvrvww2cqNA8/4A5ZrD1gJpHN2mIHZQF+Mg==",
			"engines": {
				"node": ">=12"
			}
		},
		"node_modules/ms": {
			"version": "2.1.3",
			"resolved": "https://registry.npmjs.org/ms/-/ms-2.1.3.tgz",
			"integrity": "sha512-6FlzubTLZG3J2a/NVCAleEhjzq5oxgHyaCU9yYXvcLsvoVaHJq/s5xXI6/XXP6tz7R9xAOtHnSO/tXtF3WRTlA=="
		},
		"node_modules/prisma": {
			"version": "5.4.2",
			"resolved": "https://registry.npmjs.org/prisma/-/prisma-5.4.2.tgz",
			"integrity": "sha512-GDMZwZy7mysB2oXU+angQqJ90iaPFdD0rHaZNkn+dio5NRkGLmMqmXs31//tg/qXT3iB0cTQwnGGQNuirhSTZg==",
			"devOptional": true,
			"hasInstallScript": true,
			"dependencies": {
				"@prisma/engines": "5.4.2"
			},
			"bin": {
				"prisma": "build/index.js"
			},
			"engines": {
				"node": ">=16.13"
			}
		}
	}
}
